// !$*UTF8*$!
{
	archiveVersion = 1;
	classes = {
	};
	objectVersion = 50;
	objects = {

/* Begin PBXBuildFile section */
		F93FB32023A4E338006AABE0 /* AppDelegate.swift in Sources */ = {isa = PBXBuildFile; fileRef = F93FB31F23A4E338006AABE0 /* AppDelegate.swift */; };
		F93FB32223A4E338006AABE0 /* SceneDelegate.swift in Sources */ = {isa = PBXBuildFile; fileRef = F93FB32123A4E338006AABE0 /* SceneDelegate.swift */; };
		F93FB32423A4E338006AABE0 /* ViewController.swift in Sources */ = {isa = PBXBuildFile; fileRef = F93FB32323A4E338006AABE0 /* ViewController.swift */; };
		F93FB32723A4E338006AABE0 /* Main.storyboard in Resources */ = {isa = PBXBuildFile; fileRef = F93FB32523A4E338006AABE0 /* Main.storyboard */; };
		F93FB32923A4E339006AABE0 /* Assets.xcassets in Resources */ = {isa = PBXBuildFile; fileRef = F93FB32823A4E339006AABE0 /* Assets.xcassets */; };
		F93FB32C23A4E339006AABE0 /* LaunchScreen.storyboard in Resources */ = {isa = PBXBuildFile; fileRef = F93FB32A23A4E339006AABE0 /* LaunchScreen.storyboard */; };
		F93FB33423A4E366006AABE0 /* Student.swift in Sources */ = {isa = PBXBuildFile; fileRef = F93FB33323A4E366006AABE0 /* Student.swift */; };
		F9C974D523A5E756002480F1 /* Stack.swift in Sources */ = {isa = PBXBuildFile; fileRef = F9C974CF23A5E756002480F1 /* Stack.swift */; };
		F9C974D623A5E756002480F1 /* Protocal.swift in Sources */ = {isa = PBXBuildFile; fileRef = F9C974D023A5E756002480F1 /* Protocal.swift */; };
		F9C974D723A5E756002480F1 /* Queue.swift in Sources */ = {isa = PBXBuildFile; fileRef = F9C974D123A5E756002480F1 /* Queue.swift */; };
		F9C974D823A5E756002480F1 /* NewArray.swift in Sources */ = {isa = PBXBuildFile; fileRef = F9C974D223A5E756002480F1 /* NewArray.swift */; };
		F9C974D923A5E756002480F1 /* LinkedList.swift in Sources */ = {isa = PBXBuildFile; fileRef = F9C974D323A5E756002480F1 /* LinkedList.swift */; };
		F9C974DA23A5E756002480F1 /* RBT.swift in Sources */ = {isa = PBXBuildFile; fileRef = F9C974D423A5E756002480F1 /* RBT.swift */; };
		F9C974DC23A5E76D002480F1 /* HashTable.swift in Sources */ = {isa = PBXBuildFile; fileRef = F9C974DB23A5E76D002480F1 /* HashTable.swift */; };
/* End PBXBuildFile section */

/* Begin PBXFileReference section */
		F93FB31C23A4E338006AABE0 /* HashCode.app */ = {isa = PBXFileReference; explicitFileType = wrapper.application; includeInIndex = 0; path = HashCode.app; sourceTree = BUILT_PRODUCTS_DIR; };
		F93FB31F23A4E338006AABE0 /* AppDelegate.swift */ = {isa = PBXFileReference; lastKnownFileType = sourcecode.swift; path = AppDelegate.swift; sourceTree = "<group>"; };
		F93FB32123A4E338006AABE0 /* SceneDelegate.swift */ = {isa = PBXFileReference; lastKnownFileType = sourcecode.swift; path = SceneDelegate.swift; sourceTree = "<group>"; };
		F93FB32323A4E338006AABE0 /* ViewController.swift */ = {isa = PBXFileReference; lastKnownFileType = sourcecode.swift; path = ViewController.swift; sourceTree = "<group>"; };
		F93FB32623A4E338006AABE0 /* Base */ = {isa = PBXFileReference; lastKnownFileType = file.storyboard; name = Base; path = Base.lproj/Main.storyboard; sourceTree = "<group>"; };
		F93FB32823A4E339006AABE0 /* Assets.xcassets */ = {isa = PBXFileReference; lastKnownFileType = folder.assetcatalog; path = Assets.xcassets; sourceTree = "<group>"; };
		F93FB32B23A4E339006AABE0 /* Base */ = {isa = PBXFileReference; lastKnownFileType = file.storyboard; name = Base; path = Base.lproj/LaunchScreen.storyboard; sourceTree = "<group>"; };
		F93FB32D23A4E339006AABE0 /* Info.plist */ = {isa = PBXFileReference; lastKnownFileType = text.plist.xml; path = Info.plist; sourceTree = "<group>"; };
		F93FB33323A4E366006AABE0 /* Student.swift */ = {isa = PBXFileReference; lastKnownFileType = sourcecode.swift; path = Student.swift; sourceTree = "<group>"; };
		F9C974CF23A5E756002480F1 /* Stack.swift */ = {isa = PBXFileReference; fileEncoding = 4; lastKnownFileType = sourcecode.swift; path = Stack.swift; sourceTree = "<group>"; };
		F9C974D023A5E756002480F1 /* Protocal.swift */ = {isa = PBXFileReference; fileEncoding = 4; lastKnownFileType = sourcecode.swift; path = Protocal.swift; sourceTree = "<group>"; };
		F9C974D123A5E756002480F1 /* Queue.swift */ = {isa = PBXFileReference; fileEncoding = 4; lastKnownFileType = sourcecode.swift; path = Queue.swift; sourceTree = "<group>"; };
		F9C974D223A5E756002480F1 /* NewArray.swift */ = {isa = PBXFileReference; fileEncoding = 4; lastKnownFileType = sourcecode.swift; path = NewArray.swift; sourceTree = "<group>"; };
		F9C974D323A5E756002480F1 /* LinkedList.swift */ = {isa = PBXFileReference; fileEncoding = 4; lastKnownFileType = sourcecode.swift; path = LinkedList.swift; sourceTree = "<group>"; };
		F9C974D423A5E756002480F1 /* RBT.swift */ = {isa = PBXFileReference; fileEncoding = 4; lastKnownFileType = sourcecode.swift; path = RBT.swift; sourceTree = "<group>"; };
		F9C974DB23A5E76D002480F1 /* HashTable.swift */ = {isa = PBXFileReference; lastKnownFileType = sourcecode.swift; path = HashTable.swift; sourceTree = "<group>"; };
/* End PBXFileReference section */

/* Begin PBXFrameworksBuildPhase section */
		F93FB31923A4E337006AABE0 /* Frameworks */ = {
			isa = PBXFrameworksBuildPhase;
			buildActionMask = 2147483647;
			files = (
			);
			runOnlyForDeploymentPostprocessing = 0;
		};
/* End PBXFrameworksBuildPhase section */

/* Begin PBXGroup section */
		F93FB31323A4E337006AABE0 = {
			isa = PBXGroup;
			children = (
				F93FB31E23A4E338006AABE0 /* HashCode */,
				F93FB31D23A4E338006AABE0 /* Products */,
			);
			sourceTree = "<group>";
		};
		F93FB31D23A4E338006AABE0 /* Products */ = {
			isa = PBXGroup;
			children = (
				F93FB31C23A4E338006AABE0 /* HashCode.app */,
			);
			name = Products;
			sourceTree = "<group>";
		};
		F93FB31E23A4E338006AABE0 /* HashCode */ = {
			isa = PBXGroup;
			children = (
				F9C974CE23A5E756002480F1 /* Base */,
				F9C974D423A5E756002480F1 /* RBT.swift */,
				F93FB31F23A4E338006AABE0 /* AppDelegate.swift */,
				F93FB32123A4E338006AABE0 /* SceneDelegate.swift */,
				F93FB32323A4E338006AABE0 /* ViewController.swift */,
				F93FB32523A4E338006AABE0 /* Main.storyboard */,
				F93FB32823A4E339006AABE0 /* Assets.xcassets */,
				F93FB32A23A4E339006AABE0 /* LaunchScreen.storyboard */,
				F93FB32D23A4E339006AABE0 /* Info.plist */,
				F93FB33323A4E366006AABE0 /* Student.swift */,
				F9C974DB23A5E76D002480F1 /* HashTable.swift */,
			);
			path = HashCode;
			sourceTree = "<group>";
		};
		F9C974CE23A5E756002480F1 /* Base */ = {
			isa = PBXGroup;
			children = (
				F9C974CF23A5E756002480F1 /* Stack.swift */,
				F9C974D023A5E756002480F1 /* Protocal.swift */,
				F9C974D123A5E756002480F1 /* Queue.swift */,
				F9C974D223A5E756002480F1 /* NewArray.swift */,
				F9C974D323A5E756002480F1 /* LinkedList.swift */,
			);
			path = Base;
			sourceTree = "<group>";
		};
/* End PBXGroup section */

/* Begin PBXNativeTarget section */
		F93FB31B23A4E337006AABE0 /* HashCode */ = {
			isa = PBXNativeTarget;
			buildConfigurationList = F93FB33023A4E339006AABE0 /* Build configuration list for PBXNativeTarget "HashCode" */;
			buildPhases = (
				F93FB31823A4E337006AABE0 /* Sources */,
				F93FB31923A4E337006AABE0 /* Frameworks */,
				F93FB31A23A4E337006AABE0 /* Resources */,
			);
			buildRules = (
			);
			dependencies = (
			);
			name = HashCode;
			productName = HashCode;
			productReference = F93FB31C23A4E338006AABE0 /* HashCode.app */;
			productType = "com.apple.product-type.application";
		};
/* End PBXNativeTarget section */

/* Begin PBXProject section */
		F93FB31423A4E337006AABE0 /* Project object */ = {
			isa = PBXProject;
			attributes = {
				LastSwiftUpdateCheck = 1130;
				LastUpgradeCheck = 1130;
				ORGANIZATIONNAME = "周一见";
				TargetAttributes = {
					F93FB31B23A4E337006AABE0 = {
						CreatedOnToolsVersion = 11.3;
					};
				};
			};
			buildConfigurationList = F93FB31723A4E337006AABE0 /* Build configuration list for PBXProject "HashCode" */;
			compatibilityVersion = "Xcode 9.3";
			developmentRegion = en;
			hasScannedForEncodings = 0;
			knownRegions = (
				en,
				Base,
			);
			mainGroup = F93FB31323A4E337006AABE0;
			productRefGroup = F93FB31D23A4E338006AABE0 /* Products */;
			projectDirPath = "";
			projectRoot = "";
			targets = (
				F93FB31B23A4E337006AABE0 /* HashCode */,
			);
		};
/* End PBXProject section */

/* Begin PBXResourcesBuildPhase section */
		F93FB31A23A4E337006AABE0 /* Resources */ = {
			isa = PBXResourcesBuildPhase;
			buildActionMask = 2147483647;
			files = (
				F93FB32C23A4E339006AABE0 /* LaunchScreen.storyboard in Resources */,
				F93FB32923A4E339006AABE0 /* Assets.xcassets in Resources */,
				F93FB32723A4E338006AABE0 /* Main.storyboard in Resources */,
			);
			runOnlyForDeploymentPostprocessing = 0;
		};
/* End PBXResourcesBuildPhase section */

/* Begin PBXSourcesBuildPhase section */
		F93FB31823A4E337006AABE0 /* Sources */ = {
			isa = PBXSourcesBuildPhase;
			buildActionMask = 2147483647;
			files = (
				F9C974DA23A5E756002480F1 /* RBT.swift in Sources */,
				F9C974D923A5E756002480F1 /* LinkedList.swift in Sources */,
				F93FB32423A4E338006AABE0 /* ViewController.swift in Sources */,
				F9C974D723A5E756002480F1 /* Queue.swift in Sources */,
				F9C974D823A5E756002480F1 /* NewArray.swift in Sources */,
				F9C974D623A5E756002480F1 /* Protocal.swift in Sources */,
				F9C974D523A5E756002480F1 /* Stack.swift in Sources */,
				F9C974DC23A5E76D002480F1 /* HashTable.swift in Sources */,
				F93FB32023A4E338006AABE0 /* AppDelegate.swift in Sources */,
				F93FB32223A4E338006AABE0 /* SceneDelegate.swift in Sources */,
				F93FB33423A4E366006AABE0 /* Student.swift in Sources */,
			);
			runOnlyForDeploymentPostprocessing = 0;
		};
/* End PBXSourcesBuildPhase section */

/* Begin PBXVariantGroup section */
		F93FB32523A4E338006AABE0 /* Main.storyboard */ = {
			isa = PBXVariantGroup;
			children = (
				F93FB32623A4E338006AABE0 /* Base */,
			);
			name = Main.storyboard;
			sourceTree = "<group>";
		};
		F93FB32A23A4E339006AABE0 /* LaunchScreen.storyboard */ = {
			isa = PBXVariantGroup;
			children = (
				F93FB32B23A4E339006AABE0 /* Base */,
			);
			name = LaunchScreen.storyboard;
			sourceTree = "<group>";
		};
/* End PBXVariantGroup section */

/* Begin XCBuildConfiguration section */
		F93FB32E23A4E339006AABE0 /* Debug */ = {
			isa = XCBuildConfiguration;
			buildSettings = {
				ALWAYS_SEARCH_USER_PATHS = NO;
				CLANG_ANALYZER_NONNULL = YES;
				CLANG_ANALYZER_NUMBER_OBJECT_CONVERSION = YES_AGGRESSIVE;
				CLANG_CXX_LANGUAGE_STANDARD = "gnu++14";
				CLANG_CXX_LIBRARY = "libc++";
				CLANG_ENABLE_MODULES = YES;
				CLANG_ENABLE_OBJC_ARC = YES;
				CLANG_ENABLE_OBJC_WEAK = YES;
				CLANG_WARN_BLOCK_CAPTURE_AUTORELEASING = YES;
				CLANG_WARN_BOOL_CONVERSION = YES;
				CLANG_WARN_COMMA = YES;
				CLANG_WARN_CONSTANT_CONVERSION = YES;
				CLANG_WARN_DEPRECATED_OBJC_IMPLEMENTATIONS = YES;
				CLANG_WARN_DIRECT_OBJC_ISA_USAGE = YES_ERROR;
				CLANG_WARN_DOCUMENTATION_COMMENTS = YES;
				CLANG_WARN_EMPTY_BODY = YES;
				CLANG_WARN_ENUM_CONVERSION = YES;
				CLANG_WARN_INFINITE_RECURSION = YES;
				CLANG_WARN_INT_CONVERSION = YES;
				CLANG_WARN_NON_LITERAL_NULL_CONVERSION = YES;
				CLANG_WARN_OBJC_IMPLICIT_RETAIN_SELF = YES;
				CLANG_WARN_OBJC_LITERAL_CONVERSION = YES;
				CLANG_WARN_OBJC_ROOT_CLASS = YES_ERROR;
				CLANG_WARN_RANGE_LOOP_ANALYSIS = YES;
				CLANG_WARN_STRICT_PROTOTYPES = YES;
				CLANG_WARN_SUSPICIOUS_MOVE = YES;
				CLANG_WARN_UNGUARDED_AVAILABILITY = YES_AGGRESSIVE;
				CLANG_WARN_UNREACHABLE_CODE = YES;
				CLANG_WARN__DUPLICATE_METHOD_MATCH = YES;
				COPY_PHASE_STRIP = NO;
				DEBUG_INFORMATION_FORMAT = dwarf;
				ENABLE_STRICT_OBJC_MSGSEND = YES;
				ENABLE_TESTABILITY = YES;
				GCC_C_LANGUAGE_STANDARD = gnu11;
				GCC_DYNAMIC_NO_PIC = NO;
				GCC_NO_COMMON_BLOCKS = YES;
				GCC_OPTIMIZATION_LEVEL = 0;
				GCC_PREPROCESSOR_DEFINITIONS = (
					"DEBUG=1",
					"$(inherited)",
				);
				GCC_WARN_64_TO_32_BIT_CONVERSION = YES;
				GCC_WARN_ABOUT_RETURN_TYPE = YES_ERROR;
				GCC_WARN_UNDECLARED_SELECTOR = YES;
				GCC_WARN_UNINITIALIZED_AUTOS = YES_AGGRESSIVE;
				GCC_WARN_UNUSED_FUNCTION = YES;
				GCC_WARN_UNUSED_VARIABLE = YES;
				IPHONEOS_DEPLOYMENT_TARGET = 13.2;
				MTL_ENABLE_DEBUG_INFO = INCLUDE_SOURCE;
				MTL_FAST_MATH = YES;
				ONLY_ACTIVE_ARCH = YES;
				SDKROOT = iphoneos;
				SWIFT_ACTIVE_COMPILATION_CONDITIONS = DEBUG;
				SWIFT_OPTIMIZATION_LEVEL = "-Onone";
			};
			name = Debug;
		};
		F93FB32F23A4E339006AABE0 /* Release */ = {
			isa = XCBuildConfiguration;
			buildSettings = {
				ALWAYS_SEARCH_USER_PATHS = NO;
				CLANG_ANALYZER_NONNULL = YES;
				CLANG_ANALYZER_NUMBER_OBJECT_CONVERSION = YES_AGGRESSIVE;
				CLANG_CXX_LANGUAGE_STANDARD = "gnu++14";
				CLANG_CXX_LIBRARY = "libc++";
				CLANG_ENABLE_MODULES = YES;
				CLANG_ENABLE_OBJC_ARC = YES;
				CLANG_ENABLE_OBJC_WEAK = YES;
				CLANG_WARN_BLOCK_CAPTURE_AUTORELEASING = YES;
				CLANG_WARN_BOOL_CONVERSION = YES;
				CLANG_WARN_COMMA = YES;
				CLANG_WARN_CONSTANT_CONVERSION = YES;
				CLANG_WARN_DEPRECATED_OBJC_IMPLEMENTATIONS = YES;
				CLANG_WARN_DIRECT_OBJC_ISA_USAGE = YES_ERROR;
				CLANG_WARN_DOCUMENTATION_COMMENTS = YES;
				CLANG_WARN_EMPTY_BODY = YES;
				CLANG_WARN_ENUM_CONVERSION = YES;
				CLANG_WARN_INFINITE_RECURSION = YES;
				CLANG_WARN_INT_CONVERSION = YES;
				CLANG_WARN_NON_LITERAL_NULL_CONVERSION = YES;
				CLANG_WARN_OBJC_IMPLICIT_RETAIN_SELF = YES;
				CLANG_WARN_OBJC_LITERAL_CONVERSION = YES;
				CLANG_WARN_OBJC_ROOT_CLASS = YES_ERROR;
				CLANG_WARN_RANGE_LOOP_ANALYSIS = YES;
				CLANG_WARN_STRICT_PROTOTYPES = YES;
				CLANG_WARN_SUSPICIOUS_MOVE = YES;
				CLANG_WARN_UNGUARDED_AVAILABILITY = YES_AGGRESSIVE;
				CLANG_WARN_UNREACHABLE_CODE = YES;
				CLANG_WARN__DUPLICATE_METHOD_MATCH = YES;
				COPY_PHASE_STRIP = NO;
				DEBUG_INFORMATION_FORMAT = "dwarf-with-dsym";
				ENABLE_NS_ASSERTIONS = NO;
				ENABLE_STRICT_OBJC_MSGSEND = YES;
				GCC_C_LANGUAGE_STANDARD = gnu11;
				GCC_NO_COMMON_BLOCKS = YES;
				GCC_WARN_64_TO_32_BIT_CONVERSION = YES;
				GCC_WARN_ABOUT_RETURN_TYPE = YES_ERROR;
				GCC_WARN_UNDECLARED_SELECTOR = YES;
				GCC_WARN_UNINITIALIZED_AUTOS = YES_AGGRESSIVE;
				GCC_WARN_UNUSED_FUNCTION = YES;
				GCC_WARN_UNUSED_VARIABLE = YES;
				IPHONEOS_DEPLOYMENT_TARGET = 13.2;
				MTL_ENABLE_DEBUG_INFO = NO;
				MTL_FAST_MATH = YES;
				SDKROOT = iphoneos;
				SWIFT_COMPILATION_MODE = wholemodule;
				SWIFT_OPTIMIZATION_LEVEL = "-O";
				VALIDATE_PRODUCT = YES;
			};
			name = Release;
		};
		F93FB33123A4E339006AABE0 /* Debug */ = {
			isa = XCBuildConfiguration;
			buildSettings = {
				ASSETCATALOG_COMPILER_APPICON_NAME = AppIcon;
				CODE_SIGN_STYLE = Automatic;
				DEVELOPMENT_TEAM = 24NKM32Z28;
				INFOPLIST_FILE = HashCode/Info.plist;
				LD_RUNPATH_SEARCH_PATHS = (
					"$(inherited)",
					"@executable_path/Frameworks",
				);
				PRODUCT_BUNDLE_IDENTIFIER = com.zhouyijian.demotest.HashCode;
				PRODUCT_NAME = "$(TARGET_NAME)";
				SWIFT_VERSION = 5.0;
				TARGETED_DEVICE_FAMILY = "1,2";
			};
			name = Debug;
		};
		F93FB33223A4E339006AABE0 /* Release */ = {
			isa = XCBuildConfiguration;
			buildSettings = {
				ASSETCATALOG_COMPILER_APPICON_NAME = AppIcon;
				CODE_SIGN_STYLE = Automatic;
				DEVELOPMENT_TEAM = 24NKM32Z28;
				INFOPLIST_FILE = HashCode/Info.plist;
				LD_RUNPATH_SEARCH_PATHS = (
					"$(inherited)",
					"@executable_path/Frameworks",
				);
				PRODUCT_BUNDLE_IDENTIFIER = com.zhouyijian.demotest.HashCode;
				PRODUCT_NAME = "$(TARGET_NAME)";
				SWIFT_VERSION = 5.0;
				TARGETED_DEVICE_FAMILY = "1,2";
			};
			name = Release;
		};
/* End XCBuildConfiguration section */

/* Begin XCConfigurationList section */
		F93FB31723A4E337006AABE0 /* Build configuration list for PBXProject "HashCode" */ = {
			isa = XCConfigurationList;
			buildConfigurations = (
				F93FB32E23A4E339006AABE0 /* Debug */,
				F93FB32F23A4E339006AABE0 /* Release */,
			);
			defaultConfigurationIsVisible = 0;
			defaultConfigurationName = Release;
		};
		F93FB33023A4E339006AABE0 /* Build configuration list for PBXNativeTarget "HashCode" */ = {
			isa = XCConfigurationList;
			buildConfigurations = (
				F93FB33123A4E339006AABE0 /* Debug */,
				F93FB33223A4E339006AABE0 /* Release */,
			);
			defaultConfigurationIsVisible = 0;
			defaultConfigurationName = Release;
		};
/* End XCConfigurationList section */
	};
	rootObject = F93FB31423A4E337006AABE0 /* Project object */;
}
