// !$*UTF8*$!
{
	archiveVersion = 1;
	classes = {
	};
	objectVersion = 50;
	objects = {

/* Begin PBXBuildFile section */
		F9DC38632376C8EC00FC5DFE /* AppDelegate.swift in Sources */ = {isa = PBXBuildFile; fileRef = F9DC38622376C8EC00FC5DFE /* AppDelegate.swift */; };
		F9DC38652376C8EC00FC5DFE /* SceneDelegate.swift in Sources */ = {isa = PBXBuildFile; fileRef = F9DC38642376C8EC00FC5DFE /* SceneDelegate.swift */; };
		F9DC38672376C8EC00FC5DFE /* ViewController.swift in Sources */ = {isa = PBXBuildFile; fileRef = F9DC38662376C8EC00FC5DFE /* ViewController.swift */; };
		F9DC386A2376C8EC00FC5DFE /* Main.storyboard in Resources */ = {isa = PBXBuildFile; fileRef = F9DC38682376C8EC00FC5DFE /* Main.storyboard */; };
		F9DC386C2376C8ED00FC5DFE /* Assets.xcassets in Resources */ = {isa = PBXBuildFile; fileRef = F9DC386B2376C8ED00FC5DFE /* Assets.xcassets */; };
		F9DC386F2376C8ED00FC5DFE /* LaunchScreen.storyboard in Resources */ = {isa = PBXBuildFile; fileRef = F9DC386D2376C8ED00FC5DFE /* LaunchScreen.storyboard */; };
		F9DC38772376C9DE00FC5DFE /* LinkedList.swift in Sources */ = {isa = PBXBuildFile; fileRef = F9DC38762376C9DE00FC5DFE /* LinkedList.swift */; };
/* End PBXBuildFile section */

/* Begin PBXFileReference section */
		F9DC385F2376C8EC00FC5DFE /* LinkedList.app */ = {isa = PBXFileReference; explicitFileType = wrapper.application; includeInIndex = 0; path = LinkedList.app; sourceTree = BUILT_PRODUCTS_DIR; };
		F9DC38622376C8EC00FC5DFE /* AppDelegate.swift */ = {isa = PBXFileReference; lastKnownFileType = sourcecode.swift; path = AppDelegate.swift; sourceTree = "<group>"; };
		F9DC38642376C8EC00FC5DFE /* SceneDelegate.swift */ = {isa = PBXFileReference; lastKnownFileType = sourcecode.swift; path = SceneDelegate.swift; sourceTree = "<group>"; };
		F9DC38662376C8EC00FC5DFE /* ViewController.swift */ = {isa = PBXFileReference; lastKnownFileType = sourcecode.swift; path = ViewController.swift; sourceTree = "<group>"; };
		F9DC38692376C8EC00FC5DFE /* Base */ = {isa = PBXFileReference; lastKnownFileType = file.storyboard; name = Base; path = Base.lproj/Main.storyboard; sourceTree = "<group>"; };
		F9DC386B2376C8ED00FC5DFE /* Assets.xcassets */ = {isa = PBXFileReference; lastKnownFileType = folder.assetcatalog; path = Assets.xcassets; sourceTree = "<group>"; };
		F9DC386E2376C8ED00FC5DFE /* Base */ = {isa = PBXFileReference; lastKnownFileType = file.storyboard; name = Base; path = Base.lproj/LaunchScreen.storyboard; sourceTree = "<group>"; };
		F9DC38702376C8ED00FC5DFE /* Info.plist */ = {isa = PBXFileReference; lastKnownFileType = text.plist.xml; path = Info.plist; sourceTree = "<group>"; };
		F9DC38762376C9DE00FC5DFE /* LinkedList.swift */ = {isa = PBXFileReference; lastKnownFileType = sourcecode.swift; path = LinkedList.swift; sourceTree = "<group>"; };
/* End PBXFileReference section */

/* Begin PBXFrameworksBuildPhase section */
		F9DC385C2376C8EC00FC5DFE /* Frameworks */ = {
			isa = PBXFrameworksBuildPhase;
			buildActionMask = 2147483647;
			files = (
			);
			runOnlyForDeploymentPostprocessing = 0;
		};
/* End PBXFrameworksBuildPhase section */

/* Begin PBXGroup section */
		F9DC38562376C8EC00FC5DFE = {
			isa = PBXGroup;
			children = (
				F9DC38612376C8EC00FC5DFE /* LinkedList */,
				F9DC38602376C8EC00FC5DFE /* Products */,
			);
			sourceTree = "<group>";
		};
		F9DC38602376C8EC00FC5DFE /* Products */ = {
			isa = PBXGroup;
			children = (
				F9DC385F2376C8EC00FC5DFE /* LinkedList.app */,
			);
			name = Products;
			sourceTree = "<group>";
		};
		F9DC38612376C8EC00FC5DFE /* LinkedList */ = {
			isa = PBXGroup;
			children = (
				F9DC38622376C8EC00FC5DFE /* AppDelegate.swift */,
				F9DC38642376C8EC00FC5DFE /* SceneDelegate.swift */,
				F9DC38662376C8EC00FC5DFE /* ViewController.swift */,
				F9DC38682376C8EC00FC5DFE /* Main.storyboard */,
				F9DC386B2376C8ED00FC5DFE /* Assets.xcassets */,
				F9DC386D2376C8ED00FC5DFE /* LaunchScreen.storyboard */,
				F9DC38702376C8ED00FC5DFE /* Info.plist */,
				F9DC38762376C9DE00FC5DFE /* LinkedList.swift */,
			);
			path = LinkedList;
			sourceTree = "<group>";
		};
/* End PBXGroup section */

/* Begin PBXNativeTarget section */
		F9DC385E2376C8EC00FC5DFE /* LinkedList */ = {
			isa = PBXNativeTarget;
			buildConfigurationList = F9DC38732376C8ED00FC5DFE /* Build configuration list for PBXNativeTarget "LinkedList" */;
			buildPhases = (
				F9DC385B2376C8EC00FC5DFE /* Sources */,
				F9DC385C2376C8EC00FC5DFE /* Frameworks */,
				F9DC385D2376C8EC00FC5DFE /* Resources */,
			);
			buildRules = (
			);
			dependencies = (
			);
			name = LinkedList;
			productName = LinkedList;
			productReference = F9DC385F2376C8EC00FC5DFE /* LinkedList.app */;
			productType = "com.apple.product-type.application";
		};
/* End PBXNativeTarget section */

/* Begin PBXProject section */
		F9DC38572376C8EC00FC5DFE /* Project object */ = {
			isa = PBXProject;
			attributes = {
				LastSwiftUpdateCheck = 1120;
				LastUpgradeCheck = 1120;
				ORGANIZATIONNAME = "周一见";
				TargetAttributes = {
					F9DC385E2376C8EC00FC5DFE = {
						CreatedOnToolsVersion = 11.2;
					};
				};
			};
			buildConfigurationList = F9DC385A2376C8EC00FC5DFE /* Build configuration list for PBXProject "LinkedList" */;
			compatibilityVersion = "Xcode 9.3";
			developmentRegion = en;
			hasScannedForEncodings = 0;
			knownRegions = (
				en,
				Base,
			);
			mainGroup = F9DC38562376C8EC00FC5DFE;
			productRefGroup = F9DC38602376C8EC00FC5DFE /* Products */;
			projectDirPath = "";
			projectRoot = "";
			targets = (
				F9DC385E2376C8EC00FC5DFE /* LinkedList */,
			);
		};
/* End PBXProject section */

/* Begin PBXResourcesBuildPhase section */
		F9DC385D2376C8EC00FC5DFE /* Resources */ = {
			isa = PBXResourcesBuildPhase;
			buildActionMask = 2147483647;
			files = (
				F9DC386F2376C8ED00FC5DFE /* LaunchScreen.storyboard in Resources */,
				F9DC386C2376C8ED00FC5DFE /* Assets.xcassets in Resources */,
				F9DC386A2376C8EC00FC5DFE /* Main.storyboard in Resources */,
			);
			runOnlyForDeploymentPostprocessing = 0;
		};
/* End PBXResourcesBuildPhase section */

/* Begin PBXSourcesBuildPhase section */
		F9DC385B2376C8EC00FC5DFE /* Sources */ = {
			isa = PBXSourcesBuildPhase;
			buildActionMask = 2147483647;
			files = (
				F9DC38672376C8EC00FC5DFE /* ViewController.swift in Sources */,
				F9DC38632376C8EC00FC5DFE /* AppDelegate.swift in Sources */,
				F9DC38772376C9DE00FC5DFE /* LinkedList.swift in Sources */,
				F9DC38652376C8EC00FC5DFE /* SceneDelegate.swift in Sources */,
			);
			runOnlyForDeploymentPostprocessing = 0;
		};
/* End PBXSourcesBuildPhase section */

/* Begin PBXVariantGroup section */
		F9DC38682376C8EC00FC5DFE /* Main.storyboard */ = {
			isa = PBXVariantGroup;
			children = (
				F9DC38692376C8EC00FC5DFE /* Base */,
			);
			name = Main.storyboard;
			sourceTree = "<group>";
		};
		F9DC386D2376C8ED00FC5DFE /* LaunchScreen.storyboard */ = {
			isa = PBXVariantGroup;
			children = (
				F9DC386E2376C8ED00FC5DFE /* Base */,
			);
			name = LaunchScreen.storyboard;
			sourceTree = "<group>";
		};
/* End PBXVariantGroup section */

/* Begin XCBuildConfiguration section */
		F9DC38712376C8ED00FC5DFE /* Debug */ = {
			isa = XCBuildConfiguration;
			buildSettings = {
				ALWAYS_SEARCH_USER_PATHS = NO;
				CLANG_ANALYZER_NONNULL = YES;
				CLANG_ANALYZER_NUMBER_OBJECT_CONVERSION = YES_AGGRESSIVE;
				CLANG_CXX_LANGUAGE_STANDARD = "gnu++14";
				CLANG_CXX_LIBRARY = "libc++";
				CLANG_ENABLE_MODULES = YES;
				CLANG_ENABLE_OBJC_ARC = YES;
				CLANG_ENABLE_OBJC_WEAK = YES;
				CLANG_WARN_BLOCK_CAPTURE_AUTORELEASING = YES;
				CLANG_WARN_BOOL_CONVERSION = YES;
				CLANG_WARN_COMMA = YES;
				CLANG_WARN_CONSTANT_CONVERSION = YES;
				CLANG_WARN_DEPRECATED_OBJC_IMPLEMENTATIONS = YES;
				CLANG_WARN_DIRECT_OBJC_ISA_USAGE = YES_ERROR;
				CLANG_WARN_DOCUMENTATION_COMMENTS = YES;
				CLANG_WARN_EMPTY_BODY = YES;
				CLANG_WARN_ENUM_CONVERSION = YES;
				CLANG_WARN_INFINITE_RECURSION = YES;
				CLANG_WARN_INT_CONVERSION = YES;
				CLANG_WARN_NON_LITERAL_NULL_CONVERSION = YES;
				CLANG_WARN_OBJC_IMPLICIT_RETAIN_SELF = YES;
				CLANG_WARN_OBJC_LITERAL_CONVERSION = YES;
				CLANG_WARN_OBJC_ROOT_CLASS = YES_ERROR;
				CLANG_WARN_RANGE_LOOP_ANALYSIS = YES;
				CLANG_WARN_STRICT_PROTOTYPES = YES;
				CLANG_WARN_SUSPICIOUS_MOVE = YES;
				CLANG_WARN_UNGUARDED_AVAILABILITY = YES_AGGRESSIVE;
				CLANG_WARN_UNREACHABLE_CODE = YES;
				CLANG_WARN__DUPLICATE_METHOD_MATCH = YES;
				COPY_PHASE_STRIP = NO;
				DEBUG_INFORMATION_FORMAT = dwarf;
				ENABLE_STRICT_OBJC_MSGSEND = YES;
				ENABLE_TESTABILITY = YES;
				GCC_C_LANGUAGE_STANDARD = gnu11;
				GCC_DYNAMIC_NO_PIC = NO;
				GCC_NO_COMMON_BLOCKS = YES;
				GCC_OPTIMIZATION_LEVEL = 0;
				GCC_PREPROCESSOR_DEFINITIONS = (
					"DEBUG=1",
					"$(inherited)",
				);
				GCC_WARN_64_TO_32_BIT_CONVERSION = YES;
				GCC_WARN_ABOUT_RETURN_TYPE = YES_ERROR;
				GCC_WARN_UNDECLARED_SELECTOR = YES;
				GCC_WARN_UNINITIALIZED_AUTOS = YES_AGGRESSIVE;
				GCC_WARN_UNUSED_FUNCTION = YES;
				GCC_WARN_UNUSED_VARIABLE = YES;
				IPHONEOS_DEPLOYMENT_TARGET = 13.2;
				MTL_ENABLE_DEBUG_INFO = INCLUDE_SOURCE;
				MTL_FAST_MATH = YES;
				ONLY_ACTIVE_ARCH = YES;
				SDKROOT = iphoneos;
				SWIFT_ACTIVE_COMPILATION_CONDITIONS = DEBUG;
				SWIFT_OPTIMIZATION_LEVEL = "-Onone";
			};
			name = Debug;
		};
		F9DC38722376C8ED00FC5DFE /* Release */ = {
			isa = XCBuildConfiguration;
			buildSettings = {
				ALWAYS_SEARCH_USER_PATHS = NO;
				CLANG_ANALYZER_NONNULL = YES;
				CLANG_ANALYZER_NUMBER_OBJECT_CONVERSION = YES_AGGRESSIVE;
				CLANG_CXX_LANGUAGE_STANDARD = "gnu++14";
				CLANG_CXX_LIBRARY = "libc++";
				CLANG_ENABLE_MODULES = YES;
				CLANG_ENABLE_OBJC_ARC = YES;
				CLANG_ENABLE_OBJC_WEAK = YES;
				CLANG_WARN_BLOCK_CAPTURE_AUTORELEASING = YES;
				CLANG_WARN_BOOL_CONVERSION = YES;
				CLANG_WARN_COMMA = YES;
				CLANG_WARN_CONSTANT_CONVERSION = YES;
				CLANG_WARN_DEPRECATED_OBJC_IMPLEMENTATIONS = YES;
				CLANG_WARN_DIRECT_OBJC_ISA_USAGE = YES_ERROR;
				CLANG_WARN_DOCUMENTATION_COMMENTS = YES;
				CLANG_WARN_EMPTY_BODY = YES;
				CLANG_WARN_ENUM_CONVERSION = YES;
				CLANG_WARN_INFINITE_RECURSION = YES;
				CLANG_WARN_INT_CONVERSION = YES;
				CLANG_WARN_NON_LITERAL_NULL_CONVERSION = YES;
				CLANG_WARN_OBJC_IMPLICIT_RETAIN_SELF = YES;
				CLANG_WARN_OBJC_LITERAL_CONVERSION = YES;
				CLANG_WARN_OBJC_ROOT_CLASS = YES_ERROR;
				CLANG_WARN_RANGE_LOOP_ANALYSIS = YES;
				CLANG_WARN_STRICT_PROTOTYPES = YES;
				CLANG_WARN_SUSPICIOUS_MOVE = YES;
				CLANG_WARN_UNGUARDED_AVAILABILITY = YES_AGGRESSIVE;
				CLANG_WARN_UNREACHABLE_CODE = YES;
				CLANG_WARN__DUPLICATE_METHOD_MATCH = YES;
				COPY_PHASE_STRIP = NO;
				DEBUG_INFORMATION_FORMAT = "dwarf-with-dsym";
				ENABLE_NS_ASSERTIONS = NO;
				ENABLE_STRICT_OBJC_MSGSEND = YES;
				GCC_C_LANGUAGE_STANDARD = gnu11;
				GCC_NO_COMMON_BLOCKS = YES;
				GCC_WARN_64_TO_32_BIT_CONVERSION = YES;
				GCC_WARN_ABOUT_RETURN_TYPE = YES_ERROR;
				GCC_WARN_UNDECLARED_SELECTOR = YES;
				GCC_WARN_UNINITIALIZED_AUTOS = YES_AGGRESSIVE;
				GCC_WARN_UNUSED_FUNCTION = YES;
				GCC_WARN_UNUSED_VARIABLE = YES;
				IPHONEOS_DEPLOYMENT_TARGET = 13.2;
				MTL_ENABLE_DEBUG_INFO = NO;
				MTL_FAST_MATH = YES;
				SDKROOT = iphoneos;
				SWIFT_COMPILATION_MODE = wholemodule;
				SWIFT_OPTIMIZATION_LEVEL = "-O";
				VALIDATE_PRODUCT = YES;
			};
			name = Release;
		};
		F9DC38742376C8ED00FC5DFE /* Debug */ = {
			isa = XCBuildConfiguration;
			buildSettings = {
				ASSETCATALOG_COMPILER_APPICON_NAME = AppIcon;
				CODE_SIGN_STYLE = Automatic;
				DEVELOPMENT_TEAM = 24NKM32Z28;
				INFOPLIST_FILE = LinkedList/Info.plist;
				LD_RUNPATH_SEARCH_PATHS = (
					"$(inherited)",
					"@executable_path/Frameworks",
				);
				PRODUCT_BUNDLE_IDENTIFIER = com.zhouyijian.demotest.LinkedList;
				PRODUCT_NAME = "$(TARGET_NAME)";
				SWIFT_VERSION = 5.0;
				TARGETED_DEVICE_FAMILY = "1,2";
			};
			name = Debug;
		};
		F9DC38752376C8ED00FC5DFE /* Release */ = {
			isa = XCBuildConfiguration;
			buildSettings = {
				ASSETCATALOG_COMPILER_APPICON_NAME = AppIcon;
				CODE_SIGN_STYLE = Automatic;
				DEVELOPMENT_TEAM = 24NKM32Z28;
				INFOPLIST_FILE = LinkedList/Info.plist;
				LD_RUNPATH_SEARCH_PATHS = (
					"$(inherited)",
					"@executable_path/Frameworks",
				);
				PRODUCT_BUNDLE_IDENTIFIER = com.zhouyijian.demotest.LinkedList;
				PRODUCT_NAME = "$(TARGET_NAME)";
				SWIFT_VERSION = 5.0;
				TARGETED_DEVICE_FAMILY = "1,2";
			};
			name = Release;
		};
/* End XCBuildConfiguration section */

/* Begin XCConfigurationList section */
		F9DC385A2376C8EC00FC5DFE /* Build configuration list for PBXProject "LinkedList" */ = {
			isa = XCConfigurationList;
			buildConfigurations = (
				F9DC38712376C8ED00FC5DFE /* Debug */,
				F9DC38722376C8ED00FC5DFE /* Release */,
			);
			defaultConfigurationIsVisible = 0;
			defaultConfigurationName = Release;
		};
		F9DC38732376C8ED00FC5DFE /* Build configuration list for PBXNativeTarget "LinkedList" */ = {
			isa = XCConfigurationList;
			buildConfigurations = (
				F9DC38742376C8ED00FC5DFE /* Debug */,
				F9DC38752376C8ED00FC5DFE /* Release */,
			);
			defaultConfigurationIsVisible = 0;
			defaultConfigurationName = Release;
		};
/* End XCConfigurationList section */
	};
	rootObject = F9DC38572376C8EC00FC5DFE /* Project object */;
}
