// !$*UTF8*$!
{
	archiveVersion = 1;
	classes = {
	};
	objectVersion = 50;
	objects = {

/* Begin PBXBuildFile section */
		F962D3DF239D49CB00BAA401 /* AVLMap.swift in Sources */ = {isa = PBXBuildFile; fileRef = F962D3DE239D49CB00BAA401 /* AVLMap.swift */; };
		F9E592C5239B69D4000A4812 /* AppDelegate.swift in Sources */ = {isa = PBXBuildFile; fileRef = F9E592C4239B69D4000A4812 /* AppDelegate.swift */; };
		F9E592C7239B69D4000A4812 /* SceneDelegate.swift in Sources */ = {isa = PBXBuildFile; fileRef = F9E592C6239B69D4000A4812 /* SceneDelegate.swift */; };
		F9E592C9239B69D4000A4812 /* ViewController.swift in Sources */ = {isa = PBXBuildFile; fileRef = F9E592C8239B69D4000A4812 /* ViewController.swift */; };
		F9E592CC239B69D4000A4812 /* Main.storyboard in Resources */ = {isa = PBXBuildFile; fileRef = F9E592CA239B69D4000A4812 /* Main.storyboard */; };
		F9E592CE239B69D5000A4812 /* Assets.xcassets in Resources */ = {isa = PBXBuildFile; fileRef = F9E592CD239B69D5000A4812 /* Assets.xcassets */; };
		F9E592D1239B69D5000A4812 /* LaunchScreen.storyboard in Resources */ = {isa = PBXBuildFile; fileRef = F9E592CF239B69D5000A4812 /* LaunchScreen.storyboard */; };
		F9E592D9239B6A88000A4812 /* AVLTree.swift in Sources */ = {isa = PBXBuildFile; fileRef = F9E592D8239B6A88000A4812 /* AVLTree.swift */; };
/* End PBXBuildFile section */

/* Begin PBXFileReference section */
		F962D3DE239D49CB00BAA401 /* AVLMap.swift */ = {isa = PBXFileReference; lastKnownFileType = sourcecode.swift; path = AVLMap.swift; sourceTree = "<group>"; };
		F9E592C1239B69D4000A4812 /* AVLTree.app */ = {isa = PBXFileReference; explicitFileType = wrapper.application; includeInIndex = 0; path = AVLTree.app; sourceTree = BUILT_PRODUCTS_DIR; };
		F9E592C4239B69D4000A4812 /* AppDelegate.swift */ = {isa = PBXFileReference; lastKnownFileType = sourcecode.swift; path = AppDelegate.swift; sourceTree = "<group>"; };
		F9E592C6239B69D4000A4812 /* SceneDelegate.swift */ = {isa = PBXFileReference; lastKnownFileType = sourcecode.swift; path = SceneDelegate.swift; sourceTree = "<group>"; };
		F9E592C8239B69D4000A4812 /* ViewController.swift */ = {isa = PBXFileReference; lastKnownFileType = sourcecode.swift; path = ViewController.swift; sourceTree = "<group>"; };
		F9E592CB239B69D4000A4812 /* Base */ = {isa = PBXFileReference; lastKnownFileType = file.storyboard; name = Base; path = Base.lproj/Main.storyboard; sourceTree = "<group>"; };
		F9E592CD239B69D5000A4812 /* Assets.xcassets */ = {isa = PBXFileReference; lastKnownFileType = folder.assetcatalog; path = Assets.xcassets; sourceTree = "<group>"; };
		F9E592D0239B69D5000A4812 /* Base */ = {isa = PBXFileReference; lastKnownFileType = file.storyboard; name = Base; path = Base.lproj/LaunchScreen.storyboard; sourceTree = "<group>"; };
		F9E592D2239B69D5000A4812 /* Info.plist */ = {isa = PBXFileReference; lastKnownFileType = text.plist.xml; path = Info.plist; sourceTree = "<group>"; };
		F9E592D8239B6A88000A4812 /* AVLTree.swift */ = {isa = PBXFileReference; lastKnownFileType = sourcecode.swift; path = AVLTree.swift; sourceTree = "<group>"; };
/* End PBXFileReference section */

/* Begin PBXFrameworksBuildPhase section */
		F9E592BE239B69D4000A4812 /* Frameworks */ = {
			isa = PBXFrameworksBuildPhase;
			buildActionMask = 2147483647;
			files = (
			);
			runOnlyForDeploymentPostprocessing = 0;
		};
/* End PBXFrameworksBuildPhase section */

/* Begin PBXGroup section */
		F9E592B8239B69D4000A4812 = {
			isa = PBXGroup;
			children = (
				F9E592C3239B69D4000A4812 /* AVLTree */,
				F9E592C2239B69D4000A4812 /* Products */,
			);
			sourceTree = "<group>";
		};
		F9E592C2239B69D4000A4812 /* Products */ = {
			isa = PBXGroup;
			children = (
				F9E592C1239B69D4000A4812 /* AVLTree.app */,
			);
			name = Products;
			sourceTree = "<group>";
		};
		F9E592C3239B69D4000A4812 /* AVLTree */ = {
			isa = PBXGroup;
			children = (
				F9E592C4239B69D4000A4812 /* AppDelegate.swift */,
				F9E592C6239B69D4000A4812 /* SceneDelegate.swift */,
				F9E592C8239B69D4000A4812 /* ViewController.swift */,
				F9E592CA239B69D4000A4812 /* Main.storyboard */,
				F9E592CD239B69D5000A4812 /* Assets.xcassets */,
				F9E592CF239B69D5000A4812 /* LaunchScreen.storyboard */,
				F9E592D2239B69D5000A4812 /* Info.plist */,
				F9E592D8239B6A88000A4812 /* AVLTree.swift */,
				F962D3DE239D49CB00BAA401 /* AVLMap.swift */,
			);
			path = AVLTree;
			sourceTree = "<group>";
		};
/* End PBXGroup section */

/* Begin PBXNativeTarget section */
		F9E592C0239B69D4000A4812 /* AVLTree */ = {
			isa = PBXNativeTarget;
			buildConfigurationList = F9E592D5239B69D5000A4812 /* Build configuration list for PBXNativeTarget "AVLTree" */;
			buildPhases = (
				F9E592BD239B69D4000A4812 /* Sources */,
				F9E592BE239B69D4000A4812 /* Frameworks */,
				F9E592BF239B69D4000A4812 /* Resources */,
			);
			buildRules = (
			);
			dependencies = (
			);
			name = AVLTree;
			productName = AVLTree;
			productReference = F9E592C1239B69D4000A4812 /* AVLTree.app */;
			productType = "com.apple.product-type.application";
		};
/* End PBXNativeTarget section */

/* Begin PBXProject section */
		F9E592B9239B69D4000A4812 /* Project object */ = {
			isa = PBXProject;
			attributes = {
				LastSwiftUpdateCheck = 1120;
				LastUpgradeCheck = 1120;
				ORGANIZATIONNAME = "周一见";
				TargetAttributes = {
					F9E592C0239B69D4000A4812 = {
						CreatedOnToolsVersion = 11.2.1;
					};
				};
			};
			buildConfigurationList = F9E592BC239B69D4000A4812 /* Build configuration list for PBXProject "AVLTree" */;
			compatibilityVersion = "Xcode 9.3";
			developmentRegion = en;
			hasScannedForEncodings = 0;
			knownRegions = (
				en,
				Base,
			);
			mainGroup = F9E592B8239B69D4000A4812;
			productRefGroup = F9E592C2239B69D4000A4812 /* Products */;
			projectDirPath = "";
			projectRoot = "";
			targets = (
				F9E592C0239B69D4000A4812 /* AVLTree */,
			);
		};
/* End PBXProject section */

/* Begin PBXResourcesBuildPhase section */
		F9E592BF239B69D4000A4812 /* Resources */ = {
			isa = PBXResourcesBuildPhase;
			buildActionMask = 2147483647;
			files = (
				F9E592D1239B69D5000A4812 /* LaunchScreen.storyboard in Resources */,
				F9E592CE239B69D5000A4812 /* Assets.xcassets in Resources */,
				F9E592CC239B69D4000A4812 /* Main.storyboard in Resources */,
			);
			runOnlyForDeploymentPostprocessing = 0;
		};
/* End PBXResourcesBuildPhase section */

/* Begin PBXSourcesBuildPhase section */
		F9E592BD239B69D4000A4812 /* Sources */ = {
			isa = PBXSourcesBuildPhase;
			buildActionMask = 2147483647;
			files = (
				F9E592C9239B69D4000A4812 /* ViewController.swift in Sources */,
				F962D3DF239D49CB00BAA401 /* AVLMap.swift in Sources */,
				F9E592C5239B69D4000A4812 /* AppDelegate.swift in Sources */,
				F9E592C7239B69D4000A4812 /* SceneDelegate.swift in Sources */,
				F9E592D9239B6A88000A4812 /* AVLTree.swift in Sources */,
			);
			runOnlyForDeploymentPostprocessing = 0;
		};
/* End PBXSourcesBuildPhase section */

/* Begin PBXVariantGroup section */
		F9E592CA239B69D4000A4812 /* Main.storyboard */ = {
			isa = PBXVariantGroup;
			children = (
				F9E592CB239B69D4000A4812 /* Base */,
			);
			name = Main.storyboard;
			sourceTree = "<group>";
		};
		F9E592CF239B69D5000A4812 /* LaunchScreen.storyboard */ = {
			isa = PBXVariantGroup;
			children = (
				F9E592D0239B69D5000A4812 /* Base */,
			);
			name = LaunchScreen.storyboard;
			sourceTree = "<group>";
		};
/* End PBXVariantGroup section */

/* Begin XCBuildConfiguration section */
		F9E592D3239B69D5000A4812 /* Debug */ = {
			isa = XCBuildConfiguration;
			buildSettings = {
				ALWAYS_SEARCH_USER_PATHS = NO;
				CLANG_ANALYZER_NONNULL = YES;
				CLANG_ANALYZER_NUMBER_OBJECT_CONVERSION = YES_AGGRESSIVE;
				CLANG_CXX_LANGUAGE_STANDARD = "gnu++14";
				CLANG_CXX_LIBRARY = "libc++";
				CLANG_ENABLE_MODULES = YES;
				CLANG_ENABLE_OBJC_ARC = YES;
				CLANG_ENABLE_OBJC_WEAK = YES;
				CLANG_WARN_BLOCK_CAPTURE_AUTORELEASING = YES;
				CLANG_WARN_BOOL_CONVERSION = YES;
				CLANG_WARN_COMMA = YES;
				CLANG_WARN_CONSTANT_CONVERSION = YES;
				CLANG_WARN_DEPRECATED_OBJC_IMPLEMENTATIONS = YES;
				CLANG_WARN_DIRECT_OBJC_ISA_USAGE = YES_ERROR;
				CLANG_WARN_DOCUMENTATION_COMMENTS = YES;
				CLANG_WARN_EMPTY_BODY = YES;
				CLANG_WARN_ENUM_CONVERSION = YES;
				CLANG_WARN_INFINITE_RECURSION = YES;
				CLANG_WARN_INT_CONVERSION = YES;
				CLANG_WARN_NON_LITERAL_NULL_CONVERSION = YES;
				CLANG_WARN_OBJC_IMPLICIT_RETAIN_SELF = YES;
				CLANG_WARN_OBJC_LITERAL_CONVERSION = YES;
				CLANG_WARN_OBJC_ROOT_CLASS = YES_ERROR;
				CLANG_WARN_RANGE_LOOP_ANALYSIS = YES;
				CLANG_WARN_STRICT_PROTOTYPES = YES;
				CLANG_WARN_SUSPICIOUS_MOVE = YES;
				CLANG_WARN_UNGUARDED_AVAILABILITY = YES_AGGRESSIVE;
				CLANG_WARN_UNREACHABLE_CODE = YES;
				CLANG_WARN__DUPLICATE_METHOD_MATCH = YES;
				COPY_PHASE_STRIP = NO;
				DEBUG_INFORMATION_FORMAT = dwarf;
				ENABLE_STRICT_OBJC_MSGSEND = YES;
				ENABLE_TESTABILITY = YES;
				GCC_C_LANGUAGE_STANDARD = gnu11;
				GCC_DYNAMIC_NO_PIC = NO;
				GCC_NO_COMMON_BLOCKS = YES;
				GCC_OPTIMIZATION_LEVEL = 0;
				GCC_PREPROCESSOR_DEFINITIONS = (
					"DEBUG=1",
					"$(inherited)",
				);
				GCC_WARN_64_TO_32_BIT_CONVERSION = YES;
				GCC_WARN_ABOUT_RETURN_TYPE = YES_ERROR;
				GCC_WARN_UNDECLARED_SELECTOR = YES;
				GCC_WARN_UNINITIALIZED_AUTOS = YES_AGGRESSIVE;
				GCC_WARN_UNUSED_FUNCTION = YES;
				GCC_WARN_UNUSED_VARIABLE = YES;
				IPHONEOS_DEPLOYMENT_TARGET = 13.2;
				MTL_ENABLE_DEBUG_INFO = INCLUDE_SOURCE;
				MTL_FAST_MATH = YES;
				ONLY_ACTIVE_ARCH = YES;
				SDKROOT = iphoneos;
				SWIFT_ACTIVE_COMPILATION_CONDITIONS = DEBUG;
				SWIFT_OPTIMIZATION_LEVEL = "-Onone";
			};
			name = Debug;
		};
		F9E592D4239B69D5000A4812 /* Release */ = {
			isa = XCBuildConfiguration;
			buildSettings = {
				ALWAYS_SEARCH_USER_PATHS = NO;
				CLANG_ANALYZER_NONNULL = YES;
				CLANG_ANALYZER_NUMBER_OBJECT_CONVERSION = YES_AGGRESSIVE;
				CLANG_CXX_LANGUAGE_STANDARD = "gnu++14";
				CLANG_CXX_LIBRARY = "libc++";
				CLANG_ENABLE_MODULES = YES;
				CLANG_ENABLE_OBJC_ARC = YES;
				CLANG_ENABLE_OBJC_WEAK = YES;
				CLANG_WARN_BLOCK_CAPTURE_AUTORELEASING = YES;
				CLANG_WARN_BOOL_CONVERSION = YES;
				CLANG_WARN_COMMA = YES;
				CLANG_WARN_CONSTANT_CONVERSION = YES;
				CLANG_WARN_DEPRECATED_OBJC_IMPLEMENTATIONS = YES;
				CLANG_WARN_DIRECT_OBJC_ISA_USAGE = YES_ERROR;
				CLANG_WARN_DOCUMENTATION_COMMENTS = YES;
				CLANG_WARN_EMPTY_BODY = YES;
				CLANG_WARN_ENUM_CONVERSION = YES;
				CLANG_WARN_INFINITE_RECURSION = YES;
				CLANG_WARN_INT_CONVERSION = YES;
				CLANG_WARN_NON_LITERAL_NULL_CONVERSION = YES;
				CLANG_WARN_OBJC_IMPLICIT_RETAIN_SELF = YES;
				CLANG_WARN_OBJC_LITERAL_CONVERSION = YES;
				CLANG_WARN_OBJC_ROOT_CLASS = YES_ERROR;
				CLANG_WARN_RANGE_LOOP_ANALYSIS = YES;
				CLANG_WARN_STRICT_PROTOTYPES = YES;
				CLANG_WARN_SUSPICIOUS_MOVE = YES;
				CLANG_WARN_UNGUARDED_AVAILABILITY = YES_AGGRESSIVE;
				CLANG_WARN_UNREACHABLE_CODE = YES;
				CLANG_WARN__DUPLICATE_METHOD_MATCH = YES;
				COPY_PHASE_STRIP = NO;
				DEBUG_INFORMATION_FORMAT = "dwarf-with-dsym";
				ENABLE_NS_ASSERTIONS = NO;
				ENABLE_STRICT_OBJC_MSGSEND = YES;
				GCC_C_LANGUAGE_STANDARD = gnu11;
				GCC_NO_COMMON_BLOCKS = YES;
				GCC_WARN_64_TO_32_BIT_CONVERSION = YES;
				GCC_WARN_ABOUT_RETURN_TYPE = YES_ERROR;
				GCC_WARN_UNDECLARED_SELECTOR = YES;
				GCC_WARN_UNINITIALIZED_AUTOS = YES_AGGRESSIVE;
				GCC_WARN_UNUSED_FUNCTION = YES;
				GCC_WARN_UNUSED_VARIABLE = YES;
				IPHONEOS_DEPLOYMENT_TARGET = 13.2;
				MTL_ENABLE_DEBUG_INFO = NO;
				MTL_FAST_MATH = YES;
				SDKROOT = iphoneos;
				SWIFT_COMPILATION_MODE = wholemodule;
				SWIFT_OPTIMIZATION_LEVEL = "-O";
				VALIDATE_PRODUCT = YES;
			};
			name = Release;
		};
		F9E592D6239B69D5000A4812 /* Debug */ = {
			isa = XCBuildConfiguration;
			buildSettings = {
				ASSETCATALOG_COMPILER_APPICON_NAME = AppIcon;
				CODE_SIGN_STYLE = Automatic;
				DEVELOPMENT_TEAM = 24NKM32Z28;
				INFOPLIST_FILE = AVLTree/Info.plist;
				LD_RUNPATH_SEARCH_PATHS = (
					"$(inherited)",
					"@executable_path/Frameworks",
				);
				PRODUCT_BUNDLE_IDENTIFIER = com.zhouyijian.demotest.AVLTree;
				PRODUCT_NAME = "$(TARGET_NAME)";
				SWIFT_VERSION = 5.0;
				TARGETED_DEVICE_FAMILY = "1,2";
			};
			name = Debug;
		};
		F9E592D7239B69D5000A4812 /* Release */ = {
			isa = XCBuildConfiguration;
			buildSettings = {
				ASSETCATALOG_COMPILER_APPICON_NAME = AppIcon;
				CODE_SIGN_STYLE = Automatic;
				DEVELOPMENT_TEAM = 24NKM32Z28;
				INFOPLIST_FILE = AVLTree/Info.plist;
				LD_RUNPATH_SEARCH_PATHS = (
					"$(inherited)",
					"@executable_path/Frameworks",
				);
				PRODUCT_BUNDLE_IDENTIFIER = com.zhouyijian.demotest.AVLTree;
				PRODUCT_NAME = "$(TARGET_NAME)";
				SWIFT_VERSION = 5.0;
				TARGETED_DEVICE_FAMILY = "1,2";
			};
			name = Release;
		};
/* End XCBuildConfiguration section */

/* Begin XCConfigurationList section */
		F9E592BC239B69D4000A4812 /* Build configuration list for PBXProject "AVLTree" */ = {
			isa = XCConfigurationList;
			buildConfigurations = (
				F9E592D3239B69D5000A4812 /* Debug */,
				F9E592D4239B69D5000A4812 /* Release */,
			);
			defaultConfigurationIsVisible = 0;
			defaultConfigurationName = Release;
		};
		F9E592D5239B69D5000A4812 /* Build configuration list for PBXNativeTarget "AVLTree" */ = {
			isa = XCConfigurationList;
			buildConfigurations = (
				F9E592D6239B69D5000A4812 /* Debug */,
				F9E592D7239B69D5000A4812 /* Release */,
			);
			defaultConfigurationIsVisible = 0;
			defaultConfigurationName = Release;
		};
/* End XCConfigurationList section */
	};
	rootObject = F9E592B9239B69D4000A4812 /* Project object */;
}
